
Microsoft Visual Studio Solution File, Format Version 12.00
# Visual Studio Version 17
VisualStudioVersion = 17.3.32922.545
MinimumVisualStudioVersion = 10.0.40219.1
Project("{9A19103F-16F7-4668-BE54-9A1E7A4F7556}") = "News.Data", "News.Data\News.Data.csproj", "{EBBFDD44-FEF2-4F21-A5D1-BDC6291343A8}"
EndProject
Project("{9A19103F-16F7-4668-BE54-9A1E7A4F7556}") = "News.Services", "News.Services\News.Services.csproj", "{D641CD0D-1E33-46DE-B86A-95E29036F980}"
EndProject
Project("{9A19103F-16F7-4668-BE54-9A1E7A4F7556}") = "News.Tests", "News.Tests\News.Tests.csproj", "{F1ACBAF3-DBBF-4CCB-A12F-DA2851921643}"
EndProject
Project("{9A19103F-16F7-4668-BE54-9A1E7A4F7556}") = "News.Worker", "News.Worker\News.Worker.csproj", "{80812D33-CC38-4EA9-98B0-AC65541441BE}"
EndProject
Project("{FAE04EC0-301F-11D3-BF4B-00C04F79EFBC}") = "News.WebApi", "News.WebApi\News.WebApi.csproj", "{2301A941-6362-4BD3-8DC4-008F5C4053CE}"
EndProject
Global
	GlobalSection(SolutionConfigurationPlatforms) = preSolution
		Debug|Any CPU = Debug|Any CPU
		Release|Any CPU = Release|Any CPU
	EndGlobalSection
	GlobalSection(ProjectConfigurationPlatforms) = postSolution
		{EBBFDD44-FEF2-4F21-A5D1-BDC6291343A8}.Debug|Any CPU.ActiveCfg = Debug|Any CPU
		{EBBFDD44-FEF2-4F21-A5D1-BDC6291343A8}.Debug|Any CPU.Build.0 = Debug|Any CPU
		{EBBFDD44-FEF2-4F21-A5D1-BDC6291343A8}.Release|Any CPU.ActiveCfg = Release|Any CPU
		{EBBFDD44-FEF2-4F21-A5D1-BDC6291343A8}.Release|Any CPU.Build.0 = Release|Any CPU
		{D641CD0D-1E33-46DE-B86A-95E29036F980}.Debug|Any CPU.ActiveCfg = Debug|Any CPU
		{D641CD0D-1E33-46DE-B86A-95E29036F980}.Debug|Any CPU.Build.0 = Debug|Any CPU
		{D641CD0D-1E33-46DE-B86A-95E29036F980}.Release|Any CPU.ActiveCfg = Release|Any CPU
		{D641CD0D-1E33-46DE-B86A-95E29036F980}.Release|Any CPU.Build.0 = Release|Any CPU
		{F1ACBAF3-DBBF-4CCB-A12F-DA2851921643}.Debug|Any CPU.ActiveCfg = Debug|Any CPU
		{F1ACBAF3-DBBF-4CCB-A12F-DA2851921643}.Debug|Any CPU.Build.0 = Debug|Any CPU
		{F1ACBAF3-DBBF-4CCB-A12F-DA2851921643}.Release|Any CPU.ActiveCfg = Release|Any CPU
		{F1ACBAF3-DBBF-4CCB-A12F-DA2851921643}.Release|Any CPU.Build.0 = Release|Any CPU
		{80812D33-CC38-4EA9-98B0-AC65541441BE}.Debug|Any CPU.ActiveCfg = Debug|Any CPU
		{80812D33-CC38-4EA9-98B0-AC65541441BE}.Debug|Any CPU.Build.0 = Debug|Any CPU
		{80812D33-CC38-4EA9-98B0-AC65541441BE}.Release|Any CPU.ActiveCfg = Release|Any CPU
		{80812D33-CC38-4EA9-98B0-AC65541441BE}.Release|Any CPU.Build.0 = Release|Any CPU
		{2301A941-6362-4BD3-8DC4-008F5C4053CE}.Debug|Any CPU.ActiveCfg = Debug|Any CPU
		{2301A941-6362-4BD3-8DC4-008F5C4053CE}.Debug|Any CPU.Build.0 = Debug|Any CPU
		{2301A941-6362-4BD3-8DC4-008F5C4053CE}.Release|Any CPU.ActiveCfg = Release|Any CPU
		{2301A941-6362-4BD3-8DC4-008F5C4053CE}.Release|Any CPU.Build.0 = Release|Any CPU
	EndGlobalSection
	GlobalSection(SolutionProperties) = preSolution
		HideSolutionNode = FALSE
	EndGlobalSection
	GlobalSection(ExtensibilityGlobals) = postSolution
		SolutionGuid = {A488D0BA-C587-4B50-8818-5463F8AC03B4}
	EndGlobalSection
EndGlobal
