
Microsoft Visual Studio Solution File, Format Version 12.00
# Visual Studio Version 17
VisualStudioVersion = 17.3.32825.248
MinimumVisualStudioVersion = 10.0.40219.1
Project("{9A19103F-16F7-4668-BE54-9A1E7A4F7556}") = "News", "News\News.csproj", "{CCFB13CF-658D-4948-B675-816DFE5D0123}"
EndProject
Project("{FAE04EC0-301F-11D3-BF4B-00C04F79EFBC}") = "News.Repository", "News.Repository\News.Repository.csproj", "{8AE44BDF-7B59-4A36-A35F-BED1AD7D4A97}"
EndProject
Project("{FAE04EC0-301F-11D3-BF4B-00C04F79EFBC}") = "News.Core", "News.Core\News.Core.csproj", "{B0A8D42A-631A-472D-B51A-24E6275BE3A2}"
EndProject
Project("{FAE04EC0-301F-11D3-BF4B-00C04F79EFBC}") = "News.Tests", "News.Tests\News.Tests.csproj", "{4D078CE0-8D85-43C8-BD22-81BE12883634}"
EndProject
Project("{FAE04EC0-301F-11D3-BF4B-00C04F79EFBC}") = "News.WebApi", "News.WebApi\News.WebApi.csproj", "{AC6A78C4-A724-4722-8F48-FE57FEB08A73}"
EndProject
Project("{2150E333-8FDC-42A3-9474-1A3956D46DE8}") = "Solution Items", "Solution Items", "{312F8357-BDD3-44F5-8B73-BF12BE96F1B5}"
	ProjectSection(SolutionItems) = preProject
		.gitignore = .gitignore
		action-build-dev.yaml = action-build-dev.yaml
	EndProjectSection
EndProject
Global
	GlobalSection(SolutionConfigurationPlatforms) = preSolution
		Debug|Any CPU = Debug|Any CPU
		Release|Any CPU = Release|Any CPU
	EndGlobalSection
	GlobalSection(ProjectConfigurationPlatforms) = postSolution
		{CCFB13CF-658D-4948-B675-816DFE5D0123}.Debug|Any CPU.ActiveCfg = Debug|Any CPU
		{CCFB13CF-658D-4948-B675-816DFE5D0123}.Debug|Any CPU.Build.0 = Debug|Any CPU
		{CCFB13CF-658D-4948-B675-816DFE5D0123}.Release|Any CPU.ActiveCfg = Release|Any CPU
		{CCFB13CF-658D-4948-B675-816DFE5D0123}.Release|Any CPU.Build.0 = Release|Any CPU
		{8AE44BDF-7B59-4A36-A35F-BED1AD7D4A97}.Debug|Any CPU.ActiveCfg = Debug|Any CPU
		{8AE44BDF-7B59-4A36-A35F-BED1AD7D4A97}.Debug|Any CPU.Build.0 = Debug|Any CPU
		{8AE44BDF-7B59-4A36-A35F-BED1AD7D4A97}.Release|Any CPU.ActiveCfg = Release|Any CPU
		{8AE44BDF-7B59-4A36-A35F-BED1AD7D4A97}.Release|Any CPU.Build.0 = Release|Any CPU
		{B0A8D42A-631A-472D-B51A-24E6275BE3A2}.Debug|Any CPU.ActiveCfg = Debug|Any CPU
		{B0A8D42A-631A-472D-B51A-24E6275BE3A2}.Debug|Any CPU.Build.0 = Debug|Any CPU
		{B0A8D42A-631A-472D-B51A-24E6275BE3A2}.Release|Any CPU.ActiveCfg = Release|Any CPU
		{B0A8D42A-631A-472D-B51A-24E6275BE3A2}.Release|Any CPU.Build.0 = Release|Any CPU
		{4D078CE0-8D85-43C8-BD22-81BE12883634}.Debug|Any CPU.ActiveCfg = Debug|Any CPU
		{4D078CE0-8D85-43C8-BD22-81BE12883634}.Debug|Any CPU.Build.0 = Debug|Any CPU
		{4D078CE0-8D85-43C8-BD22-81BE12883634}.Release|Any CPU.ActiveCfg = Release|Any CPU
		{4D078CE0-8D85-43C8-BD22-81BE12883634}.Release|Any CPU.Build.0 = Release|Any CPU
		{AC6A78C4-A724-4722-8F48-FE57FEB08A73}.Debug|Any CPU.ActiveCfg = Debug|Any CPU
		{AC6A78C4-A724-4722-8F48-FE57FEB08A73}.Debug|Any CPU.Build.0 = Debug|Any CPU
		{AC6A78C4-A724-4722-8F48-FE57FEB08A73}.Release|Any CPU.ActiveCfg = Release|Any CPU
		{AC6A78C4-A724-4722-8F48-FE57FEB08A73}.Release|Any CPU.Build.0 = Release|Any CPU
	EndGlobalSection
	GlobalSection(SolutionProperties) = preSolution
		HideSolutionNode = FALSE
	EndGlobalSection
	GlobalSection(ExtensibilityGlobals) = postSolution
		SolutionGuid = {A979E4FD-D1D5-4C55-9073-519601454BAC}
	EndGlobalSection
EndGlobal
